
Microsoft Visual Studio Solution File, Format Version 12.00
# Visual Studio Version 17
VisualStudioVersion = 17.6.33723.286
MinimumVisualStudioVersion = 10.0.40219.1
Project("{FAE04EC0-301F-11D3-BF4B-00C04F79EFBC}") = "Real Estate Broker", "Real Estate Broker.csproj", "{B836F97D-17F9-497D-A4BF-785405195F56}"
EndProject
Global
	GlobalSection(SolutionConfigurationPlatforms) = preSolution
		Debug|Any CPU = Debug|Any CPU
		Release|Any CPU = Release|Any CPU
	EndGlobalSection
	GlobalSection(ProjectConfigurationPlatforms) = postSolution
		{B836F97D-17F9-497D-A4BF-785405195F56}.Debug|Any CPU.ActiveCfg = Debug|Any CPU
		{B836F97D-17F9-497D-A4BF-785405195F56}.Debug|Any CPU.Build.0 = Debug|Any CPU
		{B836F97D-17F9-497D-A4BF-785405195F56}.Release|Any CPU.ActiveCfg = Release|Any CPU
		{B836F97D-17F9-497D-A4BF-785405195F56}.Release|Any CPU.Build.0 = Release|Any CPU
	EndGlobalSection
	GlobalSection(SolutionProperties) = preSolution
		HideSolutionNode = FALSE
	EndGlobalSection
	GlobalSection(ExtensibilityGlobals) = postSolution
		SolutionGuid = {84B9AB3B-E321-4AE6-9F16-4EDBA52F4850}
	EndGlobalSection
EndGlobal
